// !$*UTF8*$!
{
	archiveVersion = 1;
	classes = {
	};
	objectVersion = 55;
	objects = {

/* Begin PBXBuildFile section */
		AC7B7C3E290F1D780014EEFE /* SwiftUI_TodoListApp.swift in Sources */ = {isa = PBXBuildFile; fileRef = AC7B7C3D290F1D780014EEFE /* SwiftUI_TodoListApp.swift */; };
		AC7B7C42290F1D790014EEFE /* Assets.xcassets in Resources */ = {isa = PBXBuildFile; fileRef = AC7B7C41290F1D790014EEFE /* Assets.xcassets */; };
		AC7B7C45290F1D790014EEFE /* Preview Assets.xcassets in Resources */ = {isa = PBXBuildFile; fileRef = AC7B7C44290F1D790014EEFE /* Preview Assets.xcassets */; };
		ACC3C1E6290FF4BF003AA283 /* ListViewModel.swift in Sources */ = {isa = PBXBuildFile; fileRef = ACC3C1E5290FF4BF003AA283 /* ListViewModel.swift */; };
		ACC3C1E829100EBA003AA283 /* NoItemsView.swift in Sources */ = {isa = PBXBuildFile; fileRef = ACC3C1E729100EBA003AA283 /* NoItemsView.swift */; };
		ACC3C1EA29108102003AA283 /* Launch Screen.storyboard in Resources */ = {isa = PBXBuildFile; fileRef = ACC3C1E929108102003AA283 /* Launch Screen.storyboard */; };
		ACE23537290F1F3400B77F1D /* ListView.swift in Sources */ = {isa = PBXBuildFile; fileRef = ACE23536290F1F3400B77F1D /* ListView.swift */; };
		ACE23539290F20C200B77F1D /* ListRowView.swift in Sources */ = {isa = PBXBuildFile; fileRef = ACE23538290F20C200B77F1D /* ListRowView.swift */; };
		ACE2353B290F22C500B77F1D /* AddView.swift in Sources */ = {isa = PBXBuildFile; fileRef = ACE2353A290F22C500B77F1D /* AddView.swift */; };
		ACE2353E290F25D300B77F1D /* ItemModel.swift in Sources */ = {isa = PBXBuildFile; fileRef = ACE2353D290F25D300B77F1D /* ItemModel.swift */; };
/* End PBXBuildFile section */

/* Begin PBXFileReference section */
		AC7B7C3A290F1D780014EEFE /* SwiftUI_TodoList.app */ = {isa = PBXFileReference; explicitFileType = wrapper.application; includeInIndex = 0; path = SwiftUI_TodoList.app; sourceTree = BUILT_PRODUCTS_DIR; };
		AC7B7C3D290F1D780014EEFE /* SwiftUI_TodoListApp.swift */ = {isa = PBXFileReference; lastKnownFileType = sourcecode.swift; path = SwiftUI_TodoListApp.swift; sourceTree = "<group>"; };
		AC7B7C41290F1D790014EEFE /* Assets.xcassets */ = {isa = PBXFileReference; lastKnownFileType = folder.assetcatalog; path = Assets.xcassets; sourceTree = "<group>"; };
		AC7B7C44290F1D790014EEFE /* Preview Assets.xcassets */ = {isa = PBXFileReference; lastKnownFileType = folder.assetcatalog; path = "Preview Assets.xcassets"; sourceTree = "<group>"; };
		ACC3C1E5290FF4BF003AA283 /* ListViewModel.swift */ = {isa = PBXFileReference; lastKnownFileType = sourcecode.swift; path = ListViewModel.swift; sourceTree = "<group>"; };
		ACC3C1E729100EBA003AA283 /* NoItemsView.swift */ = {isa = PBXFileReference; lastKnownFileType = sourcecode.swift; path = NoItemsView.swift; sourceTree = "<group>"; };
		ACC3C1E929108102003AA283 /* Launch Screen.storyboard */ = {isa = PBXFileReference; lastKnownFileType = file.storyboard; path = "Launch Screen.storyboard"; sourceTree = "<group>"; };
		ACE23536290F1F3400B77F1D /* ListView.swift */ = {isa = PBXFileReference; lastKnownFileType = sourcecode.swift; path = ListView.swift; sourceTree = "<group>"; };
		ACE23538290F20C200B77F1D /* ListRowView.swift */ = {isa = PBXFileReference; lastKnownFileType = sourcecode.swift; path = ListRowView.swift; sourceTree = "<group>"; };
		ACE2353A290F22C500B77F1D /* AddView.swift */ = {isa = PBXFileReference; lastKnownFileType = sourcecode.swift; path = AddView.swift; sourceTree = "<group>"; };
		ACE2353D290F25D300B77F1D /* ItemModel.swift */ = {isa = PBXFileReference; lastKnownFileType = sourcecode.swift; path = ItemModel.swift; sourceTree = "<group>"; };
/* End PBXFileReference section */

/* Begin PBXFrameworksBuildPhase section */
		AC7B7C37290F1D780014EEFE /* Frameworks */ = {
			isa = PBXFrameworksBuildPhase;
			buildActionMask = 2147483647;
			files = (
			);
			runOnlyForDeploymentPostprocessing = 0;
		};
/* End PBXFrameworksBuildPhase section */

/* Begin PBXGroup section */
		AC7B7C31290F1D780014EEFE = {
			isa = PBXGroup;
			children = (
				AC7B7C3C290F1D780014EEFE /* SwiftUI_TodoList */,
				AC7B7C3B290F1D780014EEFE /* Products */,
			);
			sourceTree = "<group>";
		};
		AC7B7C3B290F1D780014EEFE /* Products */ = {
			isa = PBXGroup;
			children = (
				AC7B7C3A290F1D780014EEFE /* SwiftUI_TodoList.app */,
			);
			name = Products;
			sourceTree = "<group>";
		};
		AC7B7C3C290F1D780014EEFE /* SwiftUI_TodoList */ = {
			isa = PBXGroup;
			children = (
				AC7B7C3D290F1D780014EEFE /* SwiftUI_TodoListApp.swift */,
				ACE2353C290F253400B77F1D /* Models */,
				ACE2353F290F289200B77F1D /* ViewModel */,
				ACE23535290F1F2E00B77F1D /* Views */,
				AC7B7C41290F1D790014EEFE /* Assets.xcassets */,
				AC7B7C43290F1D790014EEFE /* Preview Content */,
			);
			path = SwiftUI_TodoList;
			sourceTree = "<group>";
		};
		AC7B7C43290F1D790014EEFE /* Preview Content */ = {
			isa = PBXGroup;
			children = (
				AC7B7C44290F1D790014EEFE /* Preview Assets.xcassets */,
			);
			path = "Preview Content";
			sourceTree = "<group>";
		};
		ACE23535290F1F2E00B77F1D /* Views */ = {
			isa = PBXGroup;
			children = (
				ACE23536290F1F3400B77F1D /* ListView.swift */,
				ACE23538290F20C200B77F1D /* ListRowView.swift */,
				ACE2353A290F22C500B77F1D /* AddView.swift */,
				ACC3C1E729100EBA003AA283 /* NoItemsView.swift */,
				ACC3C1E929108102003AA283 /* Launch Screen.storyboard */,
			);
			path = Views;
			sourceTree = "<group>";
		};
		ACE2353C290F253400B77F1D /* Models */ = {
			isa = PBXGroup;
			children = (
				ACE2353D290F25D300B77F1D /* ItemModel.swift */,
			);
			path = Models;
			sourceTree = "<group>";
		};
		ACE2353F290F289200B77F1D /* ViewModel */ = {
			isa = PBXGroup;
			children = (
				ACC3C1E5290FF4BF003AA283 /* ListViewModel.swift */,
			);
			path = ViewModel;
			sourceTree = "<group>";
		};
/* End PBXGroup section */

/* Begin PBXNativeTarget section */
		AC7B7C39290F1D780014EEFE /* SwiftUI_TodoList */ = {
			isa = PBXNativeTarget;
			buildConfigurationList = AC7B7C48290F1D790014EEFE /* Build configuration list for PBXNativeTarget "SwiftUI_TodoList" */;
			buildPhases = (
				AC7B7C36290F1D780014EEFE /* Sources */,
				AC7B7C37290F1D780014EEFE /* Frameworks */,
				AC7B7C38290F1D780014EEFE /* Resources */,
			);
			buildRules = (
			);
			dependencies = (
			);
			name = SwiftUI_TodoList;
			productName = SwiftUI_TodoList;
			productReference = AC7B7C3A290F1D780014EEFE /* SwiftUI_TodoList.app */;
			productType = "com.apple.product-type.application";
		};
/* End PBXNativeTarget section */

/* Begin PBXProject section */
		AC7B7C32290F1D780014EEFE /* Project object */ = {
			isa = PBXProject;
			attributes = {
				BuildIndependentTargetsInParallel = 1;
				LastSwiftUpdateCheck = 1400;
				LastUpgradeCheck = 1400;
				TargetAttributes = {
					AC7B7C39290F1D780014EEFE = {
						CreatedOnToolsVersion = 14.0.1;
					};
				};
			};
			buildConfigurationList = AC7B7C35290F1D780014EEFE /* Build configuration list for PBXProject "SwiftUI_TodoList" */;
			compatibilityVersion = "Xcode 13.0";
			developmentRegion = en;
			hasScannedForEncodings = 0;
			knownRegions = (
				en,
				Base,
			);
			mainGroup = AC7B7C31290F1D780014EEFE;
			productRefGroup = AC7B7C3B290F1D780014EEFE /* Products */;
			projectDirPath = "";
			projectRoot = "";
			targets = (
				AC7B7C39290F1D780014EEFE /* SwiftUI_TodoList */,
			);
		};
/* End PBXProject section */

/* Begin PBXResourcesBuildPhase section */
		AC7B7C38290F1D780014EEFE /* Resources */ = {
			isa = PBXResourcesBuildPhase;
			buildActionMask = 2147483647;
			files = (
				ACC3C1EA29108102003AA283 /* Launch Screen.storyboard in Resources */,
				AC7B7C45290F1D790014EEFE /* Preview Assets.xcassets in Resources */,
				AC7B7C42290F1D790014EEFE /* Assets.xcassets in Resources */,
			);
			runOnlyForDeploymentPostprocessing = 0;
		};
/* End PBXResourcesBuildPhase section */

/* Begin PBXSourcesBuildPhase section */
		AC7B7C36290F1D780014EEFE /* Sources */ = {
			isa = PBXSourcesBuildPhase;
			buildActionMask = 2147483647;
			files = (
				ACE2353E290F25D300B77F1D /* ItemModel.swift in Sources */,
				ACE2353B290F22C500B77F1D /* AddView.swift in Sources */,
				ACC3C1E6290FF4BF003AA283 /* ListViewModel.swift in Sources */,
				AC7B7C3E290F1D780014EEFE /* SwiftUI_TodoListApp.swift in Sources */,
				ACE23537290F1F3400B77F1D /* ListView.swift in Sources */,
				ACC3C1E829100EBA003AA283 /* NoItemsView.swift in Sources */,
				ACE23539290F20C200B77F1D /* ListRowView.swift in Sources */,
			);
			runOnlyForDeploymentPostprocessing = 0;
		};
/* End PBXSourcesBuildPhase section */

/* Begin XCBuildConfiguration section */
		AC7B7C46290F1D790014EEFE /* Debug */ = {
			isa = XCBuildConfiguration;
			buildSettings = {
				ALWAYS_SEARCH_USER_PATHS = NO;
				CLANG_ANALYZER_NONNULL = YES;
				CLANG_ANALYZER_NUMBER_OBJECT_CONVERSION = YES_AGGRESSIVE;
				CLANG_CXX_LANGUAGE_STANDARD = "gnu++20";
				CLANG_ENABLE_MODULES = YES;
				CLANG_ENABLE_OBJC_ARC = YES;
				CLANG_ENABLE_OBJC_WEAK = YES;
				CLANG_WARN_BLOCK_CAPTURE_AUTORELEASING = YES;
				CLANG_WARN_BOOL_CONVERSION = YES;
				CLANG_WARN_COMMA = YES;
				CLANG_WARN_CONSTANT_CONVERSION = YES;
				CLANG_WARN_DEPRECATED_OBJC_IMPLEMENTATIONS = YES;
				CLANG_WARN_DIRECT_OBJC_ISA_USAGE = YES_ERROR;
				CLANG_WARN_DOCUMENTATION_COMMENTS = YES;
				CLANG_WARN_EMPTY_BODY = YES;
				CLANG_WARN_ENUM_CONVERSION = YES;
				CLANG_WARN_INFINITE_RECURSION = YES;
				CLANG_WARN_INT_CONVERSION = YES;
				CLANG_WARN_NON_LITERAL_NULL_CONVERSION = YES;
				CLANG_WARN_OBJC_IMPLICIT_RETAIN_SELF = YES;
				CLANG_WARN_OBJC_LITERAL_CONVERSION = YES;
				CLANG_WARN_OBJC_ROOT_CLASS = YES_ERROR;
				CLANG_WARN_QUOTED_INCLUDE_IN_FRAMEWORK_HEADER = YES;
				CLANG_WARN_RANGE_LOOP_ANALYSIS = YES;
				CLANG_WARN_STRICT_PROTOTYPES = YES;
				CLANG_WARN_SUSPICIOUS_MOVE = YES;
				CLANG_WARN_UNGUARDED_AVAILABILITY = YES_AGGRESSIVE;
				CLANG_WARN_UNREACHABLE_CODE = YES;
				CLANG_WARN__DUPLICATE_METHOD_MATCH = YES;
				COPY_PHASE_STRIP = NO;
				DEBUG_INFORMATION_FORMAT = dwarf;
				ENABLE_STRICT_OBJC_MSGSEND = YES;
				ENABLE_TESTABILITY = YES;
				GCC_C_LANGUAGE_STANDARD = gnu11;
				GCC_DYNAMIC_NO_PIC = NO;
				GCC_NO_COMMON_BLOCKS = YES;
				GCC_OPTIMIZATION_LEVEL = 0;
				GCC_PREPROCESSOR_DEFINITIONS = (
					"DEBUG=1",
					"$(inherited)",
				);
				GCC_WARN_64_TO_32_BIT_CONVERSION = YES;
				GCC_WARN_ABOUT_RETURN_TYPE = YES_ERROR;
				GCC_WARN_UNDECLARED_SELECTOR = YES;
				GCC_WARN_UNINITIALIZED_AUTOS = YES_AGGRESSIVE;
				GCC_WARN_UNUSED_FUNCTION = YES;
				GCC_WARN_UNUSED_VARIABLE = YES;
				IPHONEOS_DEPLOYMENT_TARGET = 16.0;
				MTL_ENABLE_DEBUG_INFO = INCLUDE_SOURCE;
				MTL_FAST_MATH = YES;
				ONLY_ACTIVE_ARCH = YES;
				SDKROOT = iphoneos;
				SWIFT_ACTIVE_COMPILATION_CONDITIONS = DEBUG;
				SWIFT_OPTIMIZATION_LEVEL = "-Onone";
			};
			name = Debug;
		};
		AC7B7C47290F1D790014EEFE /* Release */ = {
			isa = XCBuildConfiguration;
			buildSettings = {
				ALWAYS_SEARCH_USER_PATHS = NO;
				CLANG_ANALYZER_NONNULL = YES;
				CLANG_ANALYZER_NUMBER_OBJECT_CONVERSION = YES_AGGRESSIVE;
				CLANG_CXX_LANGUAGE_STANDARD = "gnu++20";
				CLANG_ENABLE_MODULES = YES;
				CLANG_ENABLE_OBJC_ARC = YES;
				CLANG_ENABLE_OBJC_WEAK = YES;
				CLANG_WARN_BLOCK_CAPTURE_AUTORELEASING = YES;
				CLANG_WARN_BOOL_CONVERSION = YES;
				CLANG_WARN_COMMA = YES;
				CLANG_WARN_CONSTANT_CONVERSION = YES;
				CLANG_WARN_DEPRECATED_OBJC_IMPLEMENTATIONS = YES;
				CLANG_WARN_DIRECT_OBJC_ISA_USAGE = YES_ERROR;
				CLANG_WARN_DOCUMENTATION_COMMENTS = YES;
				CLANG_WARN_EMPTY_BODY = YES;
				CLANG_WARN_ENUM_CONVERSION = YES;
				CLANG_WARN_INFINITE_RECURSION = YES;
				CLANG_WARN_INT_CONVERSION = YES;
				CLANG_WARN_NON_LITERAL_NULL_CONVERSION = YES;
				CLANG_WARN_OBJC_IMPLICIT_RETAIN_SELF = YES;
				CLANG_WARN_OBJC_LITERAL_CONVERSION = YES;
				CLANG_WARN_OBJC_ROOT_CLASS = YES_ERROR;
				CLANG_WARN_QUOTED_INCLUDE_IN_FRAMEWORK_HEADER = YES;
				CLANG_WARN_RANGE_LOOP_ANALYSIS = YES;
				CLANG_WARN_STRICT_PROTOTYPES = YES;
				CLANG_WARN_SUSPICIOUS_MOVE = YES;
				CLANG_WARN_UNGUARDED_AVAILABILITY = YES_AGGRESSIVE;
				CLANG_WARN_UNREACHABLE_CODE = YES;
				CLANG_WARN__DUPLICATE_METHOD_MATCH = YES;
				COPY_PHASE_STRIP = NO;
				DEBUG_INFORMATION_FORMAT = "dwarf-with-dsym";
				ENABLE_NS_ASSERTIONS = NO;
				ENABLE_STRICT_OBJC_MSGSEND = YES;
				GCC_C_LANGUAGE_STANDARD = gnu11;
				GCC_NO_COMMON_BLOCKS = YES;
				GCC_WARN_64_TO_32_BIT_CONVERSION = YES;
				GCC_WARN_ABOUT_RETURN_TYPE = YES_ERROR;
				GCC_WARN_UNDECLARED_SELECTOR = YES;
				GCC_WARN_UNINITIALIZED_AUTOS = YES_AGGRESSIVE;
				GCC_WARN_UNUSED_FUNCTION = YES;
				GCC_WARN_UNUSED_VARIABLE = YES;
				IPHONEOS_DEPLOYMENT_TARGET = 16.0;
				MTL_ENABLE_DEBUG_INFO = NO;
				MTL_FAST_MATH = YES;
				SDKROOT = iphoneos;
				SWIFT_COMPILATION_MODE = wholemodule;
				SWIFT_OPTIMIZATION_LEVEL = "-O";
				VALIDATE_PRODUCT = YES;
			};
			name = Release;
		};
		AC7B7C49290F1D790014EEFE /* Debug */ = {
			isa = XCBuildConfiguration;
			buildSettings = {
				ASSETCATALOG_COMPILER_APPICON_NAME = AppIcon;
				ASSETCATALOG_COMPILER_GLOBAL_ACCENT_COLOR_NAME = AccentColor;
				CODE_SIGN_STYLE = Automatic;
				CURRENT_PROJECT_VERSION = 1;
				DEVELOPMENT_ASSET_PATHS = "\"SwiftUI_TodoList/Preview Content\"";
				DEVELOPMENT_TEAM = M4SYRBQBFW;
				ENABLE_PREVIEWS = YES;
				GENERATE_INFOPLIST_FILE = YES;
				INFOPLIST_KEY_CFBundleDisplayName = "Todo List ";
				INFOPLIST_KEY_UIApplicationSceneManifest_Generation = YES;
				INFOPLIST_KEY_UIApplicationSupportsIndirectInputEvents = YES;
				INFOPLIST_KEY_UILaunchStoryboardName = "Launch Screen.storyboard";
				INFOPLIST_KEY_UISupportedInterfaceOrientations = "UIInterfaceOrientationLandscapeLeft UIInterfaceOrientationLandscapeRight UIInterfaceOrientationPortrait";
				INFOPLIST_KEY_UISupportedInterfaceOrientations_iPad = "UIInterfaceOrientationLandscapeLeft UIInterfaceOrientationLandscapeRight UIInterfaceOrientationPortrait UIInterfaceOrientationPortraitUpsideDown";
				IPHONEOS_DEPLOYMENT_TARGET = 15.0;
				LD_RUNPATH_SEARCH_PATHS = (
					"$(inherited)",
					"@executable_path/Frameworks",
				);
				MARKETING_VERSION = 1.0;
				PRODUCT_BUNDLE_IDENTIFIER = "com.AhmedAmin.SwiftUI-TodoList";
				PRODUCT_NAME = "$(TARGET_NAME)";
				SWIFT_EMIT_LOC_STRINGS = YES;
				SWIFT_VERSION = 5.0;
				TARGETED_DEVICE_FAMILY = "1,2";
			};
			name = Debug;
		};
		AC7B7C4A290F1D790014EEFE /* Release */ = {
			isa = XCBuildConfiguration;
			buildSettings = {
				ASSETCATALOG_COMPILER_APPICON_NAME = AppIcon;
				ASSETCATALOG_COMPILER_GLOBAL_ACCENT_COLOR_NAME = AccentColor;
				CODE_SIGN_STYLE = Automatic;
				CURRENT_PROJECT_VERSION = 1;
				DEVELOPMENT_ASSET_PATHS = "\"SwiftUI_TodoList/Preview Content\"";
				DEVELOPMENT_TEAM = M4SYRBQBFW;
				ENABLE_PREVIEWS = YES;
				GENERATE_INFOPLIST_FILE = YES;
				INFOPLIST_KEY_CFBundleDisplayName = "Todo List ";
				INFOPLIST_KEY_UIApplicationSceneManifest_Generation = YES;
				INFOPLIST_KEY_UIApplicationSupportsIndirectInputEvents = YES;
				INFOPLIST_KEY_UILaunchStoryboardName = "Launch Screen.storyboard";
				INFOPLIST_KEY_UISupportedInterfaceOrientations = "UIInterfaceOrientationLandscapeLeft UIInterfaceOrientationLandscapeRight UIInterfaceOrientationPortrait";
				INFOPLIST_KEY_UISupportedInterfaceOrientations_iPad = "UIInterfaceOrientationLandscapeLeft UIInterfaceOrientationLandscapeRight UIInterfaceOrientationPortrait UIInterfaceOrientationPortraitUpsideDown";
				IPHONEOS_DEPLOYMENT_TARGET = 15.0;
				LD_RUNPATH_SEARCH_PATHS = (
					"$(inherited)",
					"@executable_path/Frameworks",
				);
				MARKETING_VERSION = 1.0;
				PRODUCT_BUNDLE_IDENTIFIER = "com.AhmedAmin.SwiftUI-TodoList";
				PRODUCT_NAME = "$(TARGET_NAME)";
				SWIFT_EMIT_LOC_STRINGS = YES;
				SWIFT_VERSION = 5.0;
				TARGETED_DEVICE_FAMILY = "1,2";
			};
			name = Release;
		};
/* End XCBuildConfiguration section */

/* Begin XCConfigurationList section */
		AC7B7C35290F1D780014EEFE /* Build configuration list for PBXProject "SwiftUI_TodoList" */ = {
			isa = XCConfigurationList;
			buildConfigurations = (
				AC7B7C46290F1D790014EEFE /* Debug */,
				AC7B7C47290F1D790014EEFE /* Release */,
			);
			defaultConfigurationIsVisible = 0;
			defaultConfigurationName = Release;
		};
		AC7B7C48290F1D790014EEFE /* Build configuration list for PBXNativeTarget "SwiftUI_TodoList" */ = {
			isa = XCConfigurationList;
			buildConfigurations = (
				AC7B7C49290F1D790014EEFE /* Debug */,
				AC7B7C4A290F1D790014EEFE /* Release */,
			);
			defaultConfigurationIsVisible = 0;
			defaultConfigurationName = Release;
		};
/* End XCConfigurationList section */
	};
	rootObject = AC7B7C32290F1D780014EEFE /* Project object */;
}
